
Microsoft Visual Studio Solution File, Format Version 12.00
# Visual Studio Version 16
VisualStudioVersion = 16.0.29926.136
MinimumVisualStudioVersion = 10.0.40219.1
Project("{FAE04EC0-301F-11D3-BF4B-00C04F79EFBC}") = "forecast_accuracy", "forecast_accuracy\forecast_accuracy.csproj", "{5AE8D858-8855-4435-9B35-D05F55B5A4C3}"
EndProject
Project("{FAE04EC0-301F-11D3-BF4B-00C04F79EFBC}") = "forecast_accuracy.UnitTests", "forecast_accuracy.UnitTests\forecast_accuracy.UnitTests.csproj", "{1D9A5CC8-1547-42EF-AAAA-EB1CB145CA84}"
EndProject
Project("{2150E333-8FDC-42A3-9474-1A3956D46DE8}") = "Solution Items", "Solution Items", "{2000A48A-BA29-427E-8E0F-F013C908E854}"
	ProjectSection(SolutionItems) = preProject
		README.md = README.md
	EndProjectSection
EndProject
Global
	GlobalSection(SolutionConfigurationPlatforms) = preSolution
		Debug|Any CPU = Debug|Any CPU
		Release|Any CPU = Release|Any CPU
	EndGlobalSection
	GlobalSection(ProjectConfigurationPlatforms) = postSolution
		{5AE8D858-8855-4435-9B35-D05F55B5A4C3}.Debug|Any CPU.ActiveCfg = Debug|Any CPU
		{5AE8D858-8855-4435-9B35-D05F55B5A4C3}.Debug|Any CPU.Build.0 = Debug|Any CPU
		{5AE8D858-8855-4435-9B35-D05F55B5A4C3}.Release|Any CPU.ActiveCfg = Release|Any CPU
		{5AE8D858-8855-4435-9B35-D05F55B5A4C3}.Release|Any CPU.Build.0 = Release|Any CPU
		{1D9A5CC8-1547-42EF-AAAA-EB1CB145CA84}.Debug|Any CPU.ActiveCfg = Debug|Any CPU
		{1D9A5CC8-1547-42EF-AAAA-EB1CB145CA84}.Debug|Any CPU.Build.0 = Debug|Any CPU
		{1D9A5CC8-1547-42EF-AAAA-EB1CB145CA84}.Release|Any CPU.ActiveCfg = Release|Any CPU
		{1D9A5CC8-1547-42EF-AAAA-EB1CB145CA84}.Release|Any CPU.Build.0 = Release|Any CPU
	EndGlobalSection
	GlobalSection(SolutionProperties) = preSolution
		HideSolutionNode = FALSE
	EndGlobalSection
	GlobalSection(ExtensibilityGlobals) = postSolution
		SolutionGuid = {1407685C-2DD9-49B7-B255-DA84E03E8E1F}
	EndGlobalSection
EndGlobal
